
Microsoft Visual Studio Solution File, Format Version 12.00
# Visual Studio Version 16
VisualStudioVersion = 16.0.31105.61
MinimumVisualStudioVersion = 10.0.40219.1
Project("{FAE04EC0-301F-11D3-BF4B-00C04F79EFBC}") = "KeLi.FlatDesign.Example1", "KeLi.FlatDesign.Example1\KeLi.FlatDesign.Example1.csproj", "{10277892-0121-4551-A06A-DADC90F1DA50}"
EndProject
Project("{FAE04EC0-301F-11D3-BF4B-00C04F79EFBC}") = "KeLi.FlatDesign.UI", "KeLi.FlatDesign.UI\KeLi.FlatDesign.UI.csproj", "{E81B1764-5143-40EC-976B-BB0C884ABB3F}"
EndProject
Project("{FAE04EC0-301F-11D3-BF4B-00C04F79EFBC}") = "KeLi.FlatDesign.Example2", "KeLi.FlatDesign.Example2\KeLi.FlatDesign.Example2.csproj", "{0C7FB940-A2B5-4319-B3C2-10D44C966D46}"
EndProject
Global
	GlobalSection(SolutionConfigurationPlatforms) = preSolution
		Debug|Any CPU = Debug|Any CPU
		Release|Any CPU = Release|Any CPU
	EndGlobalSection
	GlobalSection(ProjectConfigurationPlatforms) = postSolution
		{10277892-0121-4551-A06A-DADC90F1DA50}.Debug|Any CPU.ActiveCfg = Debug|Any CPU
		{10277892-0121-4551-A06A-DADC90F1DA50}.Debug|Any CPU.Build.0 = Debug|Any CPU
		{10277892-0121-4551-A06A-DADC90F1DA50}.Release|Any CPU.ActiveCfg = Release|Any CPU
		{10277892-0121-4551-A06A-DADC90F1DA50}.Release|Any CPU.Build.0 = Release|Any CPU
		{E81B1764-5143-40EC-976B-BB0C884ABB3F}.Debug|Any CPU.ActiveCfg = Debug|Any CPU
		{E81B1764-5143-40EC-976B-BB0C884ABB3F}.Debug|Any CPU.Build.0 = Debug|Any CPU
		{E81B1764-5143-40EC-976B-BB0C884ABB3F}.Release|Any CPU.ActiveCfg = Release|Any CPU
		{E81B1764-5143-40EC-976B-BB0C884ABB3F}.Release|Any CPU.Build.0 = Release|Any CPU
		{0C7FB940-A2B5-4319-B3C2-10D44C966D46}.Debug|Any CPU.ActiveCfg = Debug|Any CPU
		{0C7FB940-A2B5-4319-B3C2-10D44C966D46}.Debug|Any CPU.Build.0 = Debug|Any CPU
		{0C7FB940-A2B5-4319-B3C2-10D44C966D46}.Release|Any CPU.ActiveCfg = Release|Any CPU
		{0C7FB940-A2B5-4319-B3C2-10D44C966D46}.Release|Any CPU.Build.0 = Release|Any CPU
	EndGlobalSection
	GlobalSection(SolutionProperties) = preSolution
		HideSolutionNode = FALSE
	EndGlobalSection
	GlobalSection(ExtensibilityGlobals) = postSolution
		SolutionGuid = {76051DE0-4E3E-4A9C-A0A5-DF9F7791686F}
	EndGlobalSection
EndGlobal
